
Microsoft Visual Studio Solution File, Format Version 12.00
# Visual Studio Version 17
VisualStudioVersion = 17.11.35222.181
MinimumVisualStudioVersion = 10.0.40219.1
Project("{FAE04EC0-301F-11D3-BF4B-00C04F79EFBC}") = "LibTADS", "LibTADS\LibTADS.csproj", "{62CA3F03-19CD-44FF-A253-0BC596E90CBB}"
EndProject
Global
	GlobalSection(SolutionConfigurationPlatforms) = preSolution
		Debug|Any CPU = Debug|Any CPU
		Release|Any CPU = Release|Any CPU
	EndGlobalSection
	GlobalSection(ProjectConfigurationPlatforms) = postSolution
		{62CA3F03-19CD-44FF-A253-0BC596E90CBB}.Debug|Any CPU.ActiveCfg = Debug|Any CPU
		{62CA3F03-19CD-44FF-A253-0BC596E90CBB}.Debug|Any CPU.Build.0 = Debug|Any CPU
		{62CA3F03-19CD-44FF-A253-0BC596E90CBB}.Release|Any CPU.ActiveCfg = Release|Any CPU
		{62CA3F03-19CD-44FF-A253-0BC596E90CBB}.Release|Any CPU.Build.0 = Release|Any CPU
	EndGlobalSection
	GlobalSection(SolutionProperties) = preSolution
		HideSolutionNode = FALSE
	EndGlobalSection
	GlobalSection(ExtensibilityGlobals) = postSolution
		SolutionGuid = {3D8E4322-A161-44C4-8C5C-14EF3E7B0ACE}
	EndGlobalSection
EndGlobal
